// !$*UTF8*$!
{
	archiveVersion = 1;
	classes = {
	};
	objectVersion = 56;
	objects = {

/* Begin PBXBuildFile section */
		660657392B21D8B200043120 /* CaptureExampleApp.swift in Sources */ = {isa = PBXBuildFile; fileRef = 660657382B21D8B200043120 /* CaptureExampleApp.swift */; };
		6606573B2B21D8B200043120 /* ContentView.swift in Sources */ = {isa = PBXBuildFile; fileRef = 6606573A2B21D8B200043120 /* ContentView.swift */; };
		6606573D2B21D8B400043120 /* Assets.xcassets in Resources */ = {isa = PBXBuildFile; fileRef = 6606573C2B21D8B400043120 /* Assets.xcassets */; };
		660657402B21D8B400043120 /* Preview Assets.xcassets in Resources */ = {isa = PBXBuildFile; fileRef = 6606573F2B21D8B400043120 /* Preview Assets.xcassets */; };
		66793AEF2B35E36700C3B482 /* Capture in Frameworks */ = {isa = PBXBuildFile; productRef = 66793AEE2B35E36700C3B482 /* Capture */; };
		66793AF12B35E42500C3B482 /* CameraViewOverlay.swift in Sources */ = {isa = PBXBuildFile; fileRef = 66793AF02B35E42500C3B482 /* CameraViewOverlay.swift */; };
		66793AF32B3633D700C3B482 /* CameraButton.swift in Sources */ = {isa = PBXBuildFile; fileRef = 66793AF22B3633D700C3B482 /* CameraButton.swift */; };
/* End PBXBuildFile section */

/* Begin PBXFileReference section */
		660657352B21D8B200043120 /* CaptureExample.app */ = {isa = PBXFileReference; explicitFileType = wrapper.application; includeInIndex = 0; path = CaptureExample.app; sourceTree = BUILT_PRODUCTS_DIR; };
		660657382B21D8B200043120 /* CaptureExampleApp.swift */ = {isa = PBXFileReference; lastKnownFileType = sourcecode.swift; path = CaptureExampleApp.swift; sourceTree = "<group>"; };
		6606573A2B21D8B200043120 /* ContentView.swift */ = {isa = PBXFileReference; lastKnownFileType = sourcecode.swift; path = ContentView.swift; sourceTree = "<group>"; };
		6606573C2B21D8B400043120 /* Assets.xcassets */ = {isa = PBXFileReference; lastKnownFileType = folder.assetcatalog; path = Assets.xcassets; sourceTree = "<group>"; };
		6606573F2B21D8B400043120 /* Preview Assets.xcassets */ = {isa = PBXFileReference; lastKnownFileType = folder.assetcatalog; path = "Preview Assets.xcassets"; sourceTree = "<group>"; };
		66793AED2B35E35300C3B482 /* Capture */ = {isa = PBXFileReference; lastKnownFileType = wrapper; name = Capture; path = ..; sourceTree = "<group>"; };
		66793AF02B35E42500C3B482 /* CameraViewOverlay.swift */ = {isa = PBXFileReference; lastKnownFileType = sourcecode.swift; path = CameraViewOverlay.swift; sourceTree = "<group>"; };
		66793AF22B3633D700C3B482 /* CameraButton.swift */ = {isa = PBXFileReference; lastKnownFileType = sourcecode.swift; path = CameraButton.swift; sourceTree = "<group>"; };
/* End PBXFileReference section */

/* Begin PBXFrameworksBuildPhase section */
		660657322B21D8B200043120 /* Frameworks */ = {
			isa = PBXFrameworksBuildPhase;
			buildActionMask = 2147483647;
			files = (
				66793AEF2B35E36700C3B482 /* Capture in Frameworks */,
			);
			runOnlyForDeploymentPostprocessing = 0;
		};
/* End PBXFrameworksBuildPhase section */

/* Begin PBXGroup section */
		6606572C2B21D8B200043120 = {
			isa = PBXGroup;
			children = (
				66793AED2B35E35300C3B482 /* Capture */,
				660657372B21D8B200043120 /* CaptureExample */,
				660657362B21D8B200043120 /* Products */,
				660657472B21D8D300043120 /* Frameworks */,
			);
			sourceTree = "<group>";
		};
		660657362B21D8B200043120 /* Products */ = {
			isa = PBXGroup;
			children = (
				660657352B21D8B200043120 /* CaptureExample.app */,
			);
			name = Products;
			sourceTree = "<group>";
		};
		660657372B21D8B200043120 /* CaptureExample */ = {
			isa = PBXGroup;
			children = (
				660657382B21D8B200043120 /* CaptureExampleApp.swift */,
				6606573A2B21D8B200043120 /* ContentView.swift */,
				6606573C2B21D8B400043120 /* Assets.xcassets */,
				6606573E2B21D8B400043120 /* Preview Content */,
				66793AF02B35E42500C3B482 /* CameraViewOverlay.swift */,
				66793AF22B3633D700C3B482 /* CameraButton.swift */,
			);
			path = CaptureExample;
			sourceTree = "<group>";
		};
		6606573E2B21D8B400043120 /* Preview Content */ = {
			isa = PBXGroup;
			children = (
				6606573F2B21D8B400043120 /* Preview Assets.xcassets */,
			);
			path = "Preview Content";
			sourceTree = "<group>";
		};
		660657472B21D8D300043120 /* Frameworks */ = {
			isa = PBXGroup;
			children = (
			);
			name = Frameworks;
			sourceTree = "<group>";
		};
/* End PBXGroup section */

/* Begin PBXNativeTarget section */
		660657342B21D8B200043120 /* CaptureExample */ = {
			isa = PBXNativeTarget;
			buildConfigurationList = 660657432B21D8B400043120 /* Build configuration list for PBXNativeTarget "CaptureExample" */;
			buildPhases = (
				660657312B21D8B200043120 /* Sources */,
				660657322B21D8B200043120 /* Frameworks */,
				660657332B21D8B200043120 /* Resources */,
			);
			buildRules = (
			);
			dependencies = (
			);
			name = CaptureExample;
			packageProductDependencies = (
				66793AEE2B35E36700C3B482 /* Capture */,
			);
			productName = CaptureExample;
			productReference = 660657352B21D8B200043120 /* CaptureExample.app */;
			productType = "com.apple.product-type.application";
		};
/* End PBXNativeTarget section */

/* Begin PBXProject section */
		6606572D2B21D8B200043120 /* Project object */ = {
			isa = PBXProject;
			attributes = {
				BuildIndependentTargetsInParallel = 1;
				LastSwiftUpdateCheck = 1500;
				LastUpgradeCheck = 1500;
				TargetAttributes = {
					660657342B21D8B200043120 = {
						CreatedOnToolsVersion = 15.0.1;
					};
				};
			};
			buildConfigurationList = 660657302B21D8B200043120 /* Build configuration list for PBXProject "CaptureExample" */;
			compatibilityVersion = "Xcode 14.0";
			developmentRegion = en;
			hasScannedForEncodings = 0;
			knownRegions = (
				en,
				Base,
			);
			mainGroup = 6606572C2B21D8B200043120;
			productRefGroup = 660657362B21D8B200043120 /* Products */;
			projectDirPath = "";
			projectRoot = "";
			targets = (
				660657342B21D8B200043120 /* CaptureExample */,
			);
		};
/* End PBXProject section */

/* Begin PBXResourcesBuildPhase section */
		660657332B21D8B200043120 /* Resources */ = {
			isa = PBXResourcesBuildPhase;
			buildActionMask = 2147483647;
			files = (
				660657402B21D8B400043120 /* Preview Assets.xcassets in Resources */,
				6606573D2B21D8B400043120 /* Assets.xcassets in Resources */,
			);
			runOnlyForDeploymentPostprocessing = 0;
		};
/* End PBXResourcesBuildPhase section */

/* Begin PBXSourcesBuildPhase section */
		660657312B21D8B200043120 /* Sources */ = {
			isa = PBXSourcesBuildPhase;
			buildActionMask = 2147483647;
			files = (
				6606573B2B21D8B200043120 /* ContentView.swift in Sources */,
				66793AF12B35E42500C3B482 /* CameraViewOverlay.swift in Sources */,
				66793AF32B3633D700C3B482 /* CameraButton.swift in Sources */,
				660657392B21D8B200043120 /* CaptureExampleApp.swift in Sources */,
			);
			runOnlyForDeploymentPostprocessing = 0;
		};
/* End PBXSourcesBuildPhase section */

/* Begin XCBuildConfiguration section */
		660657412B21D8B400043120 /* Debug */ = {
			isa = XCBuildConfiguration;
			buildSettings = {
				ALWAYS_SEARCH_USER_PATHS = NO;
				ASSETCATALOG_COMPILER_GENERATE_SWIFT_ASSET_SYMBOL_EXTENSIONS = YES;
				CLANG_ANALYZER_NONNULL = YES;
				CLANG_ANALYZER_NUMBER_OBJECT_CONVERSION = YES_AGGRESSIVE;
				CLANG_CXX_LANGUAGE_STANDARD = "gnu++20";
				CLANG_ENABLE_MODULES = YES;
				CLANG_ENABLE_OBJC_ARC = YES;
				CLANG_ENABLE_OBJC_WEAK = YES;
				CLANG_WARN_BLOCK_CAPTURE_AUTORELEASING = YES;
				CLANG_WARN_BOOL_CONVERSION = YES;
				CLANG_WARN_COMMA = YES;
				CLANG_WARN_CONSTANT_CONVERSION = YES;
				CLANG_WARN_DEPRECATED_OBJC_IMPLEMENTATIONS = YES;
				CLANG_WARN_DIRECT_OBJC_ISA_USAGE = YES_ERROR;
				CLANG_WARN_DOCUMENTATION_COMMENTS = YES;
				CLANG_WARN_EMPTY_BODY = YES;
				CLANG_WARN_ENUM_CONVERSION = YES;
				CLANG_WARN_INFINITE_RECURSION = YES;
				CLANG_WARN_INT_CONVERSION = YES;
				CLANG_WARN_NON_LITERAL_NULL_CONVERSION = YES;
				CLANG_WARN_OBJC_IMPLICIT_RETAIN_SELF = YES;
				CLANG_WARN_OBJC_LITERAL_CONVERSION = YES;
				CLANG_WARN_OBJC_ROOT_CLASS = YES_ERROR;
				CLANG_WARN_QUOTED_INCLUDE_IN_FRAMEWORK_HEADER = YES;
				CLANG_WARN_RANGE_LOOP_ANALYSIS = YES;
				CLANG_WARN_STRICT_PROTOTYPES = YES;
				CLANG_WARN_SUSPICIOUS_MOVE = YES;
				CLANG_WARN_UNGUARDED_AVAILABILITY = YES_AGGRESSIVE;
				CLANG_WARN_UNREACHABLE_CODE = YES;
				CLANG_WARN__DUPLICATE_METHOD_MATCH = YES;
				COPY_PHASE_STRIP = NO;
				DEBUG_INFORMATION_FORMAT = dwarf;
				ENABLE_STRICT_OBJC_MSGSEND = YES;
				ENABLE_TESTABILITY = YES;
				ENABLE_USER_SCRIPT_SANDBOXING = YES;
				GCC_C_LANGUAGE_STANDARD = gnu17;
				GCC_DYNAMIC_NO_PIC = NO;
				GCC_NO_COMMON_BLOCKS = YES;
				GCC_OPTIMIZATION_LEVEL = 0;
				GCC_PREPROCESSOR_DEFINITIONS = (
					"DEBUG=1",
					"$(inherited)",
				);
				GCC_WARN_64_TO_32_BIT_CONVERSION = YES;
				GCC_WARN_ABOUT_RETURN_TYPE = YES_ERROR;
				GCC_WARN_UNDECLARED_SELECTOR = YES;
				GCC_WARN_UNINITIALIZED_AUTOS = YES_AGGRESSIVE;
				GCC_WARN_UNUSED_FUNCTION = YES;
				GCC_WARN_UNUSED_VARIABLE = YES;
				IPHONEOS_DEPLOYMENT_TARGET = 17.0;
				LOCALIZATION_PREFERS_STRING_CATALOGS = YES;
				MTL_ENABLE_DEBUG_INFO = INCLUDE_SOURCE;
				MTL_FAST_MATH = YES;
				ONLY_ACTIVE_ARCH = YES;
				SDKROOT = iphoneos;
				SWIFT_ACTIVE_COMPILATION_CONDITIONS = "DEBUG $(inherited)";
				SWIFT_OPTIMIZATION_LEVEL = "-Onone";
			};
			name = Debug;
		};
		660657422B21D8B400043120 /* Release */ = {
			isa = XCBuildConfiguration;
			buildSettings = {
				ALWAYS_SEARCH_USER_PATHS = NO;
				ASSETCATALOG_COMPILER_GENERATE_SWIFT_ASSET_SYMBOL_EXTENSIONS = YES;
				CLANG_ANALYZER_NONNULL = YES;
				CLANG_ANALYZER_NUMBER_OBJECT_CONVERSION = YES_AGGRESSIVE;
				CLANG_CXX_LANGUAGE_STANDARD = "gnu++20";
				CLANG_ENABLE_MODULES = YES;
				CLANG_ENABLE_OBJC_ARC = YES;
				CLANG_ENABLE_OBJC_WEAK = YES;
				CLANG_WARN_BLOCK_CAPTURE_AUTORELEASING = YES;
				CLANG_WARN_BOOL_CONVERSION = YES;
				CLANG_WARN_COMMA = YES;
				CLANG_WARN_CONSTANT_CONVERSION = YES;
				CLANG_WARN_DEPRECATED_OBJC_IMPLEMENTATIONS = YES;
				CLANG_WARN_DIRECT_OBJC_ISA_USAGE = YES_ERROR;
				CLANG_WARN_DOCUMENTATION_COMMENTS = YES;
				CLANG_WARN_EMPTY_BODY = YES;
				CLANG_WARN_ENUM_CONVERSION = YES;
				CLANG_WARN_INFINITE_RECURSION = YES;
				CLANG_WARN_INT_CONVERSION = YES;
				CLANG_WARN_NON_LITERAL_NULL_CONVERSION = YES;
				CLANG_WARN_OBJC_IMPLICIT_RETAIN_SELF = YES;
				CLANG_WARN_OBJC_LITERAL_CONVERSION = YES;
				CLANG_WARN_OBJC_ROOT_CLASS = YES_ERROR;
				CLANG_WARN_QUOTED_INCLUDE_IN_FRAMEWORK_HEADER = YES;
				CLANG_WARN_RANGE_LOOP_ANALYSIS = YES;
				CLANG_WARN_STRICT_PROTOTYPES = YES;
				CLANG_WARN_SUSPICIOUS_MOVE = YES;
				CLANG_WARN_UNGUARDED_AVAILABILITY = YES_AGGRESSIVE;
				CLANG_WARN_UNREACHABLE_CODE = YES;
				CLANG_WARN__DUPLICATE_METHOD_MATCH = YES;
				COPY_PHASE_STRIP = NO;
				DEBUG_INFORMATION_FORMAT = "dwarf-with-dsym";
				ENABLE_NS_ASSERTIONS = NO;
				ENABLE_STRICT_OBJC_MSGSEND = YES;
				ENABLE_USER_SCRIPT_SANDBOXING = YES;
				GCC_C_LANGUAGE_STANDARD = gnu17;
				GCC_NO_COMMON_BLOCKS = YES;
				GCC_WARN_64_TO_32_BIT_CONVERSION = YES;
				GCC_WARN_ABOUT_RETURN_TYPE = YES_ERROR;
				GCC_WARN_UNDECLARED_SELECTOR = YES;
				GCC_WARN_UNINITIALIZED_AUTOS = YES_AGGRESSIVE;
				GCC_WARN_UNUSED_FUNCTION = YES;
				GCC_WARN_UNUSED_VARIABLE = YES;
				IPHONEOS_DEPLOYMENT_TARGET = 17.0;
				LOCALIZATION_PREFERS_STRING_CATALOGS = YES;
				MTL_ENABLE_DEBUG_INFO = NO;
				MTL_FAST_MATH = YES;
				SDKROOT = iphoneos;
				SWIFT_COMPILATION_MODE = wholemodule;
				VALIDATE_PRODUCT = YES;
			};
			name = Release;
		};
		660657442B21D8B400043120 /* Debug */ = {
			isa = XCBuildConfiguration;
			buildSettings = {
				ASSETCATALOG_COMPILER_APPICON_NAME = AppIcon;
				ASSETCATALOG_COMPILER_GLOBAL_ACCENT_COLOR_NAME = AccentColor;
				CODE_SIGN_STYLE = Automatic;
				CURRENT_PROJECT_VERSION = 1;
				DEVELOPMENT_ASSET_PATHS = "\"CaptureExample/Preview Content\"";
				DEVELOPMENT_TEAM = H9EZHJZX4M;
				ENABLE_PREVIEWS = YES;
				GENERATE_INFOPLIST_FILE = YES;
				INFOPLIST_KEY_NSCameraUsageDescription = "This app is a way to test camera";
				INFOPLIST_KEY_NSMicrophoneUsageDescription = "";
				INFOPLIST_KEY_UIApplicationSceneManifest_Generation = YES;
				INFOPLIST_KEY_UIApplicationSupportsIndirectInputEvents = YES;
				INFOPLIST_KEY_UILaunchScreen_Generation = YES;
				INFOPLIST_KEY_UISupportedInterfaceOrientations_iPad = "UIInterfaceOrientationPortrait UIInterfaceOrientationPortraitUpsideDown UIInterfaceOrientationLandscapeLeft UIInterfaceOrientationLandscapeRight";
				INFOPLIST_KEY_UISupportedInterfaceOrientations_iPhone = "UIInterfaceOrientationPortrait UIInterfaceOrientationLandscapeLeft UIInterfaceOrientationLandscapeRight";
				LD_RUNPATH_SEARCH_PATHS = (
					"$(inherited)",
					"@executable_path/Frameworks",
				);
				MARKETING_VERSION = 1.0;
				PRODUCT_BUNDLE_IDENTIFIER = com.luni.CaptureExample;
				PRODUCT_NAME = "$(TARGET_NAME)";
				SWIFT_EMIT_LOC_STRINGS = YES;
				SWIFT_VERSION = 5.0;
				TARGETED_DEVICE_FAMILY = "1,2";
			};
			name = Debug;
		};
		660657452B21D8B400043120 /* Release */ = {
			isa = XCBuildConfiguration;
			buildSettings = {
				ASSETCATALOG_COMPILER_APPICON_NAME = AppIcon;
				ASSETCATALOG_COMPILER_GLOBAL_ACCENT_COLOR_NAME = AccentColor;
				CODE_SIGN_STYLE = Automatic;
				CURRENT_PROJECT_VERSION = 1;
				DEVELOPMENT_ASSET_PATHS = "\"CaptureExample/Preview Content\"";
				DEVELOPMENT_TEAM = H9EZHJZX4M;
				ENABLE_PREVIEWS = YES;
				GENERATE_INFOPLIST_FILE = YES;
				INFOPLIST_KEY_NSCameraUsageDescription = "This app is a way to test camera";
				INFOPLIST_KEY_NSMicrophoneUsageDescription = "";
				INFOPLIST_KEY_UIApplicationSceneManifest_Generation = YES;
				INFOPLIST_KEY_UIApplicationSupportsIndirectInputEvents = YES;
				INFOPLIST_KEY_UILaunchScreen_Generation = YES;
				INFOPLIST_KEY_UISupportedInterfaceOrientations_iPad = "UIInterfaceOrientationPortrait UIInterfaceOrientationPortraitUpsideDown UIInterfaceOrientationLandscapeLeft UIInterfaceOrientationLandscapeRight";
				INFOPLIST_KEY_UISupportedInterfaceOrientations_iPhone = "UIInterfaceOrientationPortrait UIInterfaceOrientationLandscapeLeft UIInterfaceOrientationLandscapeRight";
				LD_RUNPATH_SEARCH_PATHS = (
					"$(inherited)",
					"@executable_path/Frameworks",
				);
				MARKETING_VERSION = 1.0;
				PRODUCT_BUNDLE_IDENTIFIER = com.luni.CaptureExample;
				PRODUCT_NAME = "$(TARGET_NAME)";
				SWIFT_EMIT_LOC_STRINGS = YES;
				SWIFT_VERSION = 5.0;
				TARGETED_DEVICE_FAMILY = "1,2";
			};
			name = Release;
		};
/* End XCBuildConfiguration section */

/* Begin XCConfigurationList section */
		660657302B21D8B200043120 /* Build configuration list for PBXProject "CaptureExample" */ = {
			isa = XCConfigurationList;
			buildConfigurations = (
				660657412B21D8B400043120 /* Debug */,
				660657422B21D8B400043120 /* Release */,
			);
			defaultConfigurationIsVisible = 0;
			defaultConfigurationName = Release;
		};
		660657432B21D8B400043120 /* Build configuration list for PBXNativeTarget "CaptureExample" */ = {
			isa = XCConfigurationList;
			buildConfigurations = (
				660657442B21D8B400043120 /* Debug */,
				660657452B21D8B400043120 /* Release */,
			);
			defaultConfigurationIsVisible = 0;
			defaultConfigurationName = Release;
		};
/* End XCConfigurationList section */

/* Begin XCSwiftPackageProductDependency section */
		66793AEE2B35E36700C3B482 /* Capture */ = {
			isa = XCSwiftPackageProductDependency;
			productName = Capture;
		};
/* End XCSwiftPackageProductDependency section */
	};
	rootObject = 6606572D2B21D8B200043120 /* Project object */;
}
